
Microsoft Visual Studio Solution File, Format Version 11.00
# Visual Studio 2010
Project("{FAE04EC0-301F-11D3-BF4B-00C04F79EFBC}") = "Assembly-CSharp", "Assembly-CSharp.csproj", "{1B14ABC8-685B-2266-E524-8136A5670A07}"
EndProject
Project("{FAE04EC0-301F-11D3-BF4B-00C04F79EFBC}") = "Assembly-CSharp-firstpass", "Assembly-CSharp-firstpass.csproj", "{4933B513-1953-70D0-C72F-A2067D4C2DD2}"
EndProject
Global
	GlobalSection(SolutionConfigurationPlatforms) = preSolution
		Debug|Any CPU = Debug|Any CPU
		Release|Any CPU = Release|Any CPU
	EndGlobalSection
	GlobalSection(ProjectConfigurationPlatforms) = postSolution
		{1B14ABC8-685B-2266-E524-8136A5670A07}.Debug|Any CPU.ActiveCfg = Debug|Any CPU
		{1B14ABC8-685B-2266-E524-8136A5670A07}.Debug|Any CPU.Build.0 = Debug|Any CPU
		{1B14ABC8-685B-2266-E524-8136A5670A07}.Release|Any CPU.ActiveCfg = Release|Any CPU
		{1B14ABC8-685B-2266-E524-8136A5670A07}.Release|Any CPU.Build.0 = Release|Any CPU
		{4933B513-1953-70D0-C72F-A2067D4C2DD2}.Debug|Any CPU.ActiveCfg = Debug|Any CPU
		{4933B513-1953-70D0-C72F-A2067D4C2DD2}.Debug|Any CPU.Build.0 = Debug|Any CPU
		{4933B513-1953-70D0-C72F-A2067D4C2DD2}.Release|Any CPU.ActiveCfg = Release|Any CPU
		{4933B513-1953-70D0-C72F-A2067D4C2DD2}.Release|Any CPU.Build.0 = Release|Any CPU
	EndGlobalSection
	GlobalSection(SolutionProperties) = preSolution
		HideSolutionNode = FALSE
	EndGlobalSection
EndGlobal
